<?xml version="1.0" encoding="utf-8"?>
<Project ToolsVersion="4.0" xmlns="http://schemas.microsoft.com/developer/msbuild/2003">
  <ItemGroup>
    <Filter Include="Source Files">
      <UniqueIdentifier>{4FC737F1-C7A5-4376-A066-2A32D752A2FF}</UniqueIdentifier>
      <Extensions>cpp;c;cc;cxx;c++;cppm;ixx;def;odl;idl;hpj;bat;asm;asmx</Extensions>
    </Filter>
    <Filter Include="Header Files">
      <UniqueIdentifier>{93995380-89BD-4b04-88EB-625FBE52EBFB}</UniqueIdentifier>
      <Extensions>h;hh;hpp;hxx;h++;hm;inl;inc;ipp;xsd</Extensions>
    </Filter>
    <Filter Include="Resource Files">
      <UniqueIdentifier>{67DA6AB6-F800-4c08-8B7A-83BB121AAD01}</UniqueIdentifier>
      <Extensions>rc;ico;cur;bmp;dlg;rc2;rct;bin;rgs;gif;jpg;jpeg;jpe;resx;tiff;tif;png;wav;mfcribbon-ms</Extensions>
    </Filter>
  </ItemGroup>
  <ItemGroup>
    <ClInclude Include="src\UnityEngine\AssetBundle\AssetBundle.hpp">
      <Filter>Header Files</Filter>
    </ClInclude>
    <ClInclude Include="src\UnityEngine\Object\Object.hpp">
      <Filter>Header Files</Filter>
    </ClInclude>
    <ClInclude Include="src\UnityEngine\UnityEngine.hpp">
      <Filter>Header Files</Filter>
    </ClInclude>
    <ClInclude Include="src\mscorlib\System\String\String.hpp">
      <Filter>Header Files</Filter>
    </ClInclude>
    <ClInclude Include="src\mscorlib\mscorlib.hpp">
      <Filter>Header Files</Filter>
    </ClInclude>
    <ClInclude Include="src\rust\rust.hpp">
      <Filter>Header Files</Filter>
    </ClInclude>
    <ClInclude Include="src\minhook\include\MinHook.h">
      <Filter>Header Files</Filter>
    </ClInclude>
    <ClInclude Include="src\minhook\src\hde\hde32.h">
      <Filter>Header Files</Filter>
    </ClInclude>
    <ClInclude Include="src\minhook\src\hde\hde64.h">
      <Filter>Header Files</Filter>
    </ClInclude>
    <ClInclude Include="src\minhook\src\hde\pstdint.h">
      <Filter>Header Files</Filter>
    </ClInclude>
    <ClInclude Include="src\minhook\src\hde\table32.h">
      <Filter>Header Files</Filter>
    </ClInclude>
    <ClInclude Include="src\minhook\src\hde\table64.h">
      <Filter>Header Files</Filter>
    </ClInclude>
    <ClInclude Include="src\minhook\src\buffer.h">
      <Filter>Header Files</Filter>
    </ClInclude>
    <ClInclude Include="src\minhook\src\trampoline.h">
      <Filter>Header Files</Filter>
    </ClInclude>
    <ClInclude Include="src\rust\classes\ConsoleSystem\ConsoleSystem.hpp">
      <Filter>Header Files</Filter>
    </ClInclude>
    <ClInclude Include="src\mscorlib\System\Array\Array.hpp">
      <Filter>Header Files</Filter>
    </ClInclude>
    <ClInclude Include="src\mscorlib\System\Type\Type.hpp">
      <Filter>Header Files</Filter>
    </ClInclude>
    <ClInclude Include="src\UnityEngine\GameObject\GameObject.hpp">
      <Filter>Header Files</Filter>
    </ClInclude>
    <ClInclude Include="src\cheat.hpp">
      <Filter>Header Files</Filter>
    </ClInclude>
    <ClInclude Include="src\hooks\hooking.hpp">
      <Filter>Header Files</Filter>
    </ClInclude>
    <ClInclude Include="src\rust\classes\BasePlayer\BasePlayer.hpp">
      <Filter>Header Files</Filter>
    </ClInclude>
    <ClInclude Include="src\rust\classes\BaseCombatEntity\BaseCombatEntity.hpp">
      <Filter>Header Files</Filter>
    </ClInclude>
    <ClInclude Include="src\rust\classes\BaseEntity\BaseEntity.hpp">
      <Filter>Header Files</Filter>
    </ClInclude>
    <ClInclude Include="src\rust\classes\BaseNetworkable\BaseNetworkable.hpp">
      <Filter>Header Files</Filter>
    </ClInclude>
    <ClInclude Include="src\rust\classes\BaseMonoBehaviour\BaseMonoBehaviour.hpp">
      <Filter>Header Files</Filter>
    </ClInclude>
    <ClInclude Include="src\rust\classes\FacepunchBehaviour\FacepunchBehaviour.hpp">
      <Filter>Header Files</Filter>
    </ClInclude>
    <ClInclude Include="src\UnityEngine\MonoBehaviour\MonoBehaviour.hpp">
      <Filter>Header Files</Filter>
    </ClInclude>
    <ClInclude Include="src\UnityEngine\Behaviour\Behaviour.hpp">
      <Filter>Header Files</Filter>
    </ClInclude>
    <ClInclude Include="src\UnityEngine\Component\Component.hpp">
      <Filter>Header Files</Filter>
    </ClInclude>
    <ClInclude Include="src\ProtoBuf\Entity\Entity.hpp">
      <Filter>Header Files</Filter>
    </ClInclude>
    <ClInclude Include="src\ProtoBuf\ProtoBuf.hpp">
      <Filter>Header Files</Filter>
    </ClInclude>
    <ClInclude Include="src\UnityEngine\Quaternion\Quaternion.hpp">
      <Filter>Header Files</Filter>
    </ClInclude>
    <ClInclude Include="src\UnityEngine\Vector3\Vector3.hpp">
      <Filter>Header Files</Filter>
    </ClInclude>
    <ClInclude Include="src\rust\classes\Facepunch\PerformanceUI\PerformanceUI.hpp">
      <Filter>Header Files</Filter>
    </ClInclude>
    <ClInclude Include="src\hooks\hooks.hpp">
      <Filter>Header Files</Filter>
    </ClInclude>
    <ClInclude Include="src\UnityEngine\Transform\Transform.hpp">
      <Filter>Header Files</Filter>
    </ClInclude>
    <ClInclude Include="src\hooks\hooking2.hpp">
      <Filter>Header Files</Filter>
    </ClInclude>
    <ClInclude Include="src\rust\classes\PlayerWalkMovement\PlayerWalkMovement.hpp">
      <Filter>Header Files</Filter>
    </ClInclude>
    <ClInclude Include="src\rust\classes\BaseMovement\BaseMovement.hpp">
      <Filter>Header Files</Filter>
    </ClInclude>
    <ClInclude Include="src\rust\classes\ModelState\ModelState.hpp">
      <Filter>Header Files</Filter>
    </ClInclude>
    <ClInclude Include="src\rust\classes\HeldEntity\HeldEntity.hpp">
      <Filter>Header Files</Filter>
    </ClInclude>
    <ClInclude Include="src\cache.hpp">
      <Filter>Header Files</Filter>
    </ClInclude>
    <ClInclude Include="src\UnityEngine\YieldInstruction\YieldInstruction.hpp">
      <Filter>Header Files</Filter>
    </ClInclude>
    <ClInclude Include="src\UnityEngine\AsyncOperation\AsyncOperations.hpp">
      <Filter>Header Files</Filter>
    </ClInclude>
    <ClInclude Include="src\UnityEngine\ResourceRequest\ResourceRequest.hpp">
      <Filter>Header Files</Filter>
    </ClInclude>
    <ClInclude Include="src\UnityEngine\AssetBundleRequest\AssetBundleRequest.hpp">
      <Filter>Header Files</Filter>
    </ClInclude>
    <ClInclude Include="src\UnityEngine\enums\PrimitiveType.hpp">
      <Filter>Header Files</Filter>
    </ClInclude>
    <ClInclude Include="src\UnityEngine\enums\enums.hpp">
      <Filter>Header Files</Filter>
    </ClInclude>
    <ClInclude Include="src\constraints.hpp">
      <Filter>Header Files</Filter>
    </ClInclude>
    <ClInclude Include="src\UnityEngine\Renderer\Renderer.hpp">
      <Filter>Header Files</Filter>
    </ClInclude>
    <ClInclude Include="src\UnityEngine\MeshRenderer\MeshRenderer.hpp">
      <Filter>Header Files</Filter>
    </ClInclude>
    <ClInclude Include="src\UnityEngine\SkinnedMeshRenderer\SkinnedMeshRenderer.hpp">
      <Filter>Header Files</Filter>
    </ClInclude>
    <ClInclude Include="src\memory.hpp">
      <Filter>Header Files</Filter>
    </ClInclude>
    <ClInclude Include="src\Network\Networkable\Networkable.hpp">
      <Filter>Header Files</Filter>
    </ClInclude>
    <ClInclude Include="src\mscorlib\System\Byte\Byte.hpp">
      <Filter>Header Files</Filter>
    </ClInclude>
    <ClInclude Include="src\rust\classes\PlayerVoiceSpeaker\PlayerVoiceSpeaker.hpp">
      <Filter>Header Files</Filter>
    </ClInclude>
    <ClInclude Include="src\rust\classes\Model\Model.hpp">
      <Filter>Header Files</Filter>
    </ClInclude>
    <ClInclude Include="src\config.hpp">
      <Filter>Header Files</Filter>
    </ClInclude>
    <ClInclude Include="src\rust\classes\EntityComponent\EntityComponent.hpp">
      <Filter>Header Files</Filter>
    </ClInclude>
    <ClInclude Include="src\rust\classes\EntityComponentBase\EntityComponentBase.hpp">
      <Filter>Header Files</Filter>
    </ClInclude>
    <ClInclude Include="src\Util\fast_crc32.h">
      <Filter>Header Files</Filter>
    </ClInclude>
    <ClInclude Include="src\Util\color-console.h">
      <Filter>Header Files</Filter>
    </ClInclude>
    <ClInclude Include="src\UnityEngine\Animator\Animator.hpp">
      <Filter>Header Files</Filter>
    </ClInclude>
    <ClInclude Include="src\UnityEngine\Avatar\Avatar.hpp">
      <Filter>Header Files</Filter>
    </ClInclude>
  </ItemGroup>
  <ItemGroup>
    <ClCompile Include="src\dllmain.cpp">
      <Filter>Source Files</Filter>
    </ClCompile>
    <ClCompile Include="src\UnityEngine\AssetBundle\AssetBundle.cpp">
      <Filter>Source Files</Filter>
    </ClCompile>
    <ClCompile Include="src\UnityEngine\Object\Object.cpp">
      <Filter>Source Files</Filter>
    </ClCompile>
    <ClCompile Include="src\mscorlib\System\String\String.cpp">
      <Filter>Source Files</Filter>
    </ClCompile>
    <ClCompile Include="src\minhook\src\hde\hde32.c">
      <Filter>Source Files</Filter>
    </ClCompile>
    <ClCompile Include="src\minhook\src\hde\hde64.c">
      <Filter>Source Files</Filter>
    </ClCompile>
    <ClCompile Include="src\minhook\src\buffer.c">
      <Filter>Source Files</Filter>
    </ClCompile>
    <ClCompile Include="src\minhook\src\hook.c">
      <Filter>Source Files</Filter>
    </ClCompile>
    <ClCompile Include="src\minhook\src\trampoline.c">
      <Filter>Source Files</Filter>
    </ClCompile>
    <ClCompile Include="src\mscorlib\System\Array\Array.cpp">
      <Filter>Source Files</Filter>
    </ClCompile>
    <ClCompile Include="src\mscorlib\System\Type\Type.cpp">
      <Filter>Source Files</Filter>
    </ClCompile>
    <ClCompile Include="src\UnityEngine\GameObject\GameObject.cpp">
      <Filter>Source Files</Filter>
    </ClCompile>
    <ClCompile Include="src\cheat.cpp">
      <Filter>Source Files</Filter>
    </ClCompile>
    <ClCompile Include="src\hooks\BP_Load.cpp">
      <Filter>Source Files</Filter>
    </ClCompile>
    <ClCompile Include="src\rust\classes\ConsoleSystem\ConsoleSystem.cpp">
      <Filter>Source Files</Filter>
    </ClCompile>
    <ClCompile Include="src\rust\classes\BasePlayer\BasePlayer.cpp">
      <Filter>Source Files</Filter>
    </ClCompile>
    <ClCompile Include="src\rust\classes\BaseCombatEntity\BaseCombatEntity.cpp">
      <Filter>Source Files</Filter>
    </ClCompile>
    <ClCompile Include="src\rust\classes\BaseEntity\BaseEntity.cpp">
      <Filter>Source Files</Filter>
    </ClCompile>
    <ClCompile Include="src\rust\classes\BaseNetworkable\BaseNetworkable.cpp">
      <Filter>Source Files</Filter>
    </ClCompile>
    <ClCompile Include="src\rust\classes\BaseMonoBehaviour\BaseMonoBehaviour.cpp">
      <Filter>Source Files</Filter>
    </ClCompile>
    <ClCompile Include="src\rust\classes\FacepunchBehaviour\FacepunchBehaviour.cpp">
      <Filter>Source Files</Filter>
    </ClCompile>
    <ClCompile Include="src\UnityEngine\MonoBehaviour\MonoBehaviour.cpp">
      <Filter>Source Files</Filter>
    </ClCompile>
    <ClCompile Include="src\UnityEngine\Behaviour\Behaviour.cpp">
      <Filter>Source Files</Filter>
    </ClCompile>
    <ClCompile Include="src\UnityEngine\Component\Component.cpp">
      <Filter>Source Files</Filter>
    </ClCompile>
    <ClCompile Include="src\ProtoBuf\Entity\Entity.cpp">
      <Filter>Source Files</Filter>
    </ClCompile>
    <ClCompile Include="src\UnityEngine\Quaternion\Quaternion.cpp">
      <Filter>Source Files</Filter>
    </ClCompile>
    <ClCompile Include="src\UnityEngine\Vector3\Vector3.cpp">
      <Filter>Source Files</Filter>
    </ClCompile>
    <ClCompile Include="src\hooks\hooking.cpp">
      <Filter>Source Files</Filter>
    </ClCompile>
    <ClCompile Include="src\hooks\FP_PU_Update.cpp">
      <Filter>Source Files</Filter>
    </ClCompile>
    <ClCompile Include="src\rust\classes\Facepunch\PerformanceUI\PerformanceUI.cpp">
      <Filter>Source Files</Filter>
    </ClCompile>
    <ClCompile Include="src\UnityEngine\Transform\Transform.cpp">
      <Filter>Source Files</Filter>
    </ClCompile>
    <ClCompile Include="src\hooks\hooking2.cpp">
      <Filter>Source Files</Filter>
    </ClCompile>
    <ClCompile Include="src\hooks\PWM_HandleJumping.cpp">
      <Filter>Source Files</Filter>
    </ClCompile>
    <ClCompile Include="src\rust\classes\PlayerWalkMovement\PlayerWalkMovement.cpp">
      <Filter>Source Files</Filter>
    </ClCompile>
    <ClCompile Include="src\rust\classes\BaseMovement\BaseMovement.cpp">
      <Filter>Source Files</Filter>
    </ClCompile>
    <ClCompile Include="src\rust\classes\ModelState\ModelState.cpp">
      <Filter>Source Files</Filter>
    </ClCompile>
    <ClCompile Include="src\rust\classes\HeldEntity\HeldEntity.cpp">
      <Filter>Source Files</Filter>
    </ClCompile>
    <ClCompile Include="src\hooks\HE_AddPunch.cpp">
      <Filter>Source Files</Filter>
    </ClCompile>
    <ClCompile Include="src\cache.cpp">
      <Filter>Source Files</Filter>
    </ClCompile>
    <ClCompile Include="src\UnityEngine\YieldInstruction\YieldInstruction.cpp">
      <Filter>Source Files</Filter>
    </ClCompile>
    <ClCompile Include="src\UnityEngine\AsyncOperation\AsyncOperations.cpp">
      <Filter>Source Files</Filter>
    </ClCompile>
    <ClCompile Include="src\UnityEngine\ResourceRequest\ResourceRequest.cpp">
      <Filter>Source Files</Filter>
    </ClCompile>
    <ClCompile Include="src\UnityEngine\AssetBundleRequest\AssetBundleRequest.cpp">
      <Filter>Source Files</Filter>
    </ClCompile>
    <ClCompile Include="src\constraints.cpp">
      <Filter>Source Files</Filter>
    </ClCompile>
    <ClCompile Include="src\UnityEngine\Renderer\Renderer.cpp">
      <Filter>Source Files</Filter>
    </ClCompile>
    <ClCompile Include="src\UnityEngine\MeshRenderer\MeshRenderer.cpp">
      <Filter>Source Files</Filter>
    </ClCompile>
    <ClCompile Include="src\UnityEngine\SkinnedMeshRenderer\SkinnedMeshRenderer.cpp">
      <Filter>Source Files</Filter>
    </ClCompile>
    <ClCompile Include="src\constraints.cpp">
      <Filter>Source Files</Filter>
    </ClCompile>
    <ClCompile Include="src\Network\Networkable\Networkable.cpp">
      <Filter>Source Files</Filter>
    </ClCompile>
    <ClCompile Include="src\mscorlib\System\Byte\Byte.cpp">
      <Filter>Source Files</Filter>
    </ClCompile>
    <ClCompile Include="src\hooks\PVS_Recieve.cpp">
      <Filter>Source Files</Filter>
    </ClCompile>
    <ClCompile Include="src\rust\classes\PlayerVoiceSpeaker\PlayerVoiceSpeaker.cpp">
      <Filter>Source Files</Filter>
    </ClCompile>
    <ClCompile Include="src\rust\classes\Model\Model.cpp">
      <Filter>Source Files</Filter>
    </ClCompile>
    <ClCompile Include="src\config.cpp">
      <Filter>Source Files</Filter>
    </ClCompile>
    <ClCompile Include="src\hooks\BP_SendVoiceData.cpp">
      <Filter>Source Files</Filter>
    </ClCompile>
    <ClCompile Include="src\rust\classes\EntityComponent\EntityComponent.cpp">
      <Filter>Source Files</Filter>
    </ClCompile>
    <ClCompile Include="src\rust\classes\EntityComponentBase\EntityComponentBase.cpp">
      <Filter>Source Files</Filter>
    </ClCompile>
    <ClCompile Include="src\Util\fast_crc32.cpp">
      <Filter>Source Files</Filter>
    </ClCompile>
    <ClCompile Include="src\hooks\BP_OnVoiceData.cpp">
      <Filter>Source Files</Filter>
    </ClCompile>
    <ClCompile Include="src\UnityEngine\Animator\Animator.cpp">
      <Filter>Source Files</Filter>
    </ClCompile>
    <ClCompile Include="src\UnityEngine\Avatar\Avatar.cpp">
      <Filter>Source Files</Filter>
    </ClCompile>
  </ItemGroup>
</Project>